
Microsoft Visual Studio Solution File, Format Version 12.00
Project("{FAE04EC0-301F-11D3-BF4B-00C04F79EFBC}") = "RepoSoundboard", "RepoSoundboard\RepoSoundboard.csproj", "{2D3DB9F0-9E36-434C-83C8-CD59DA1ECFE6}"
EndProject
Project("{FAE04EC0-301F-11D3-BF4B-00C04F79EFBC}") = "WavSample", "WavSample\WavSample.csproj", "{B3AE0605-388E-478A-A7E0-6B822ECD1434}"
EndProject
Project("{FAE04EC0-301F-11D3-BF4B-00C04F79EFBC}") = "Audio", "Audio\Audio.csproj", "{C82AF72C-0E95-41A1-A0F6-D4D06F7F0239}"
EndProject
Global
	GlobalSection(SolutionConfigurationPlatforms) = preSolution
		Debug|Any CPU = Debug|Any CPU
		Release|Any CPU = Release|Any CPU
	EndGlobalSection
	GlobalSection(ProjectConfigurationPlatforms) = postSolution
		{2D3DB9F0-9E36-434C-83C8-CD59DA1ECFE6}.Debug|Any CPU.ActiveCfg = Debug|Any CPU
		{2D3DB9F0-9E36-434C-83C8-CD59DA1ECFE6}.Debug|Any CPU.Build.0 = Debug|Any CPU
		{2D3DB9F0-9E36-434C-83C8-CD59DA1ECFE6}.Release|Any CPU.ActiveCfg = Release|Any CPU
		{2D3DB9F0-9E36-434C-83C8-CD59DA1ECFE6}.Release|Any CPU.Build.0 = Release|Any CPU
		{B3AE0605-388E-478A-A7E0-6B822ECD1434}.Debug|Any CPU.ActiveCfg = Debug|Any CPU
		{B3AE0605-388E-478A-A7E0-6B822ECD1434}.Debug|Any CPU.Build.0 = Debug|Any CPU
		{B3AE0605-388E-478A-A7E0-6B822ECD1434}.Release|Any CPU.ActiveCfg = Release|Any CPU
		{B3AE0605-388E-478A-A7E0-6B822ECD1434}.Release|Any CPU.Build.0 = Release|Any CPU
		{C82AF72C-0E95-41A1-A0F6-D4D06F7F0239}.Debug|Any CPU.ActiveCfg = Debug|Any CPU
		{C82AF72C-0E95-41A1-A0F6-D4D06F7F0239}.Debug|Any CPU.Build.0 = Debug|Any CPU
		{C82AF72C-0E95-41A1-A0F6-D4D06F7F0239}.Release|Any CPU.ActiveCfg = Release|Any CPU
		{C82AF72C-0E95-41A1-A0F6-D4D06F7F0239}.Release|Any CPU.Build.0 = Release|Any CPU
	EndGlobalSection
EndGlobal
